
Microsoft Visual Studio Solution File, Format Version 12.00
# Visual Studio Version 17
VisualStudioVersion = 17.10.34928.147
MinimumVisualStudioVersion = 10.0.40219.1
Project("{2150E333-8FDC-42A3-9474-1A3956D46DE8}") = "MicroServices", "MicroServices", "{A6EEC093-D997-4106-8D98-480EBFEAAEBA}"
EndProject
Project("{9A19103F-16F7-4668-BE54-9A1E7A4F7556}") = "ProductService", "ProductService\ProductService.csproj", "{C3B5FAAB-742D-4706-8713-B5C26A4D190B}"
EndProject
Project("{9A19103F-16F7-4668-BE54-9A1E7A4F7556}") = "OrderService", "OrderService\OrderService.csproj", "{22C77E10-35FA-4D73-8CE1-4ACB8941FFCC}"
EndProject
Project("{FAE04EC0-301F-11D3-BF4B-00C04F79EFBC}") = "AutenticationService", "AutenticationService\AutenticationService.csproj", "{CA0DA3A1-4979-4D42-AA12-90F68746829D}"
EndProject
Global
	GlobalSection(SolutionConfigurationPlatforms) = preSolution
		Debug|Any CPU = Debug|Any CPU
		Release|Any CPU = Release|Any CPU
	EndGlobalSection
	GlobalSection(ProjectConfigurationPlatforms) = postSolution
		{C3B5FAAB-742D-4706-8713-B5C26A4D190B}.Debug|Any CPU.ActiveCfg = Debug|Any CPU
		{C3B5FAAB-742D-4706-8713-B5C26A4D190B}.Debug|Any CPU.Build.0 = Debug|Any CPU
		{C3B5FAAB-742D-4706-8713-B5C26A4D190B}.Release|Any CPU.ActiveCfg = Release|Any CPU
		{C3B5FAAB-742D-4706-8713-B5C26A4D190B}.Release|Any CPU.Build.0 = Release|Any CPU
		{22C77E10-35FA-4D73-8CE1-4ACB8941FFCC}.Debug|Any CPU.ActiveCfg = Debug|Any CPU
		{22C77E10-35FA-4D73-8CE1-4ACB8941FFCC}.Debug|Any CPU.Build.0 = Debug|Any CPU
		{22C77E10-35FA-4D73-8CE1-4ACB8941FFCC}.Release|Any CPU.ActiveCfg = Release|Any CPU
		{22C77E10-35FA-4D73-8CE1-4ACB8941FFCC}.Release|Any CPU.Build.0 = Release|Any CPU
		{CA0DA3A1-4979-4D42-AA12-90F68746829D}.Debug|Any CPU.ActiveCfg = Debug|Any CPU
		{CA0DA3A1-4979-4D42-AA12-90F68746829D}.Debug|Any CPU.Build.0 = Debug|Any CPU
		{CA0DA3A1-4979-4D42-AA12-90F68746829D}.Release|Any CPU.ActiveCfg = Release|Any CPU
		{CA0DA3A1-4979-4D42-AA12-90F68746829D}.Release|Any CPU.Build.0 = Release|Any CPU
	EndGlobalSection
	GlobalSection(SolutionProperties) = preSolution
		HideSolutionNode = FALSE
	EndGlobalSection
	GlobalSection(NestedProjects) = preSolution
		{C3B5FAAB-742D-4706-8713-B5C26A4D190B} = {A6EEC093-D997-4106-8D98-480EBFEAAEBA}
		{22C77E10-35FA-4D73-8CE1-4ACB8941FFCC} = {A6EEC093-D997-4106-8D98-480EBFEAAEBA}
		{CA0DA3A1-4979-4D42-AA12-90F68746829D} = {A6EEC093-D997-4106-8D98-480EBFEAAEBA}
	EndGlobalSection
	GlobalSection(ExtensibilityGlobals) = postSolution
		SolutionGuid = {7647CDDE-F478-4D8C-9E54-51A743DA2BC0}
	EndGlobalSection
EndGlobal
